
Microsoft Visual Studio Solution File, Format Version 12.00
# Visual Studio Version 17
VisualStudioVersion = 17.4.33122.133
MinimumVisualStudioVersion = 10.0.40219.1
Project("{FAE04EC0-301F-11D3-BF4B-00C04F79EFBC}") = "KosmiczniNajeźdźcy", "KosmiczniNajeźdźcy.csproj", "{92F0AA99-F100-4C96-B410-0DCD270A8A8F}"
EndProject
Global
	GlobalSection(SolutionConfigurationPlatforms) = preSolution
		Debug|Any CPU = Debug|Any CPU
		Release|Any CPU = Release|Any CPU
	EndGlobalSection
	GlobalSection(ProjectConfigurationPlatforms) = postSolution
		{92F0AA99-F100-4C96-B410-0DCD270A8A8F}.Debug|Any CPU.ActiveCfg = Debug|Any CPU
		{92F0AA99-F100-4C96-B410-0DCD270A8A8F}.Debug|Any CPU.Build.0 = Debug|Any CPU
		{92F0AA99-F100-4C96-B410-0DCD270A8A8F}.Release|Any CPU.ActiveCfg = Release|Any CPU
		{92F0AA99-F100-4C96-B410-0DCD270A8A8F}.Release|Any CPU.Build.0 = Release|Any CPU
	EndGlobalSection
	GlobalSection(SolutionProperties) = preSolution
		HideSolutionNode = FALSE
	EndGlobalSection
	GlobalSection(ExtensibilityGlobals) = postSolution
		SolutionGuid = {6D9EE5B8-912B-4C6F-BB2F-268D33CE4CCA}
	EndGlobalSection
EndGlobal
